// !$*UTF8*$!
{
	archiveVersion = 1;
	classes = {
	};
	objectVersion = 46;
	objects = {

/* Begin PBXBuildFile section */
		2B0577131ABF37160019A6AC /* FromProfileTransitionAnimator.swift in Sources */ = {isa = PBXBuildFile; fileRef = 2B0577121ABF37160019A6AC /* FromProfileTransitionAnimator.swift */; };
		2B0577161AC347120019A6AC /* UIImage+ImageEffects.m in Sources */ = {isa = PBXBuildFile; fileRef = 2B0577141AC347120019A6AC /* UIImage+ImageEffects.m */; };
		2BD13CFA1AA8A25000A4AE64 /* ProfileViewController.swift in Sources */ = {isa = PBXBuildFile; fileRef = 2BD13CF91AA8A25000A4AE64 /* ProfileViewController.swift */; };
		2BD13CFC1AA93AB700A4AE64 /* HomeViewController.xib in Resources */ = {isa = PBXBuildFile; fileRef = 2BD13CFB1AA93AB700A4AE64 /* HomeViewController.xib */; };
		2BD13CFE1AA9473100A4AE64 /* ProfileViewController.xib in Resources */ = {isa = PBXBuildFile; fileRef = 2BD13CFD1AA9473100A4AE64 /* ProfileViewController.xib */; };
		2BD13D041AA9543300A4AE64 /* PartyEditViewController.swift in Sources */ = {isa = PBXBuildFile; fileRef = 2BD13D031AA9543300A4AE64 /* PartyEditViewController.swift */; };
		2BD13D061AA9545400A4AE64 /* ProfileEditViewController.swift in Sources */ = {isa = PBXBuildFile; fileRef = 2BD13D051AA9545400A4AE64 /* ProfileEditViewController.swift */; };
		2BD13D081AA954AC00A4AE64 /* PartyEditViewController.xib in Resources */ = {isa = PBXBuildFile; fileRef = 2BD13D071AA954AC00A4AE64 /* PartyEditViewController.xib */; };
		2BD13D0A1AA954D800A4AE64 /* ProfileEditViewController.xib in Resources */ = {isa = PBXBuildFile; fileRef = 2BD13D091AA954D800A4AE64 /* ProfileEditViewController.xib */; };
		2BD13D0C1AA95AE300A4AE64 /* AddSongViewController.swift in Sources */ = {isa = PBXBuildFile; fileRef = 2BD13D0B1AA95AE300A4AE64 /* AddSongViewController.swift */; };
		2BD13D0E1AA95B0C00A4AE64 /* AddSongViewController.xib in Resources */ = {isa = PBXBuildFile; fileRef = 2BD13D0D1AA95B0C00A4AE64 /* AddSongViewController.xib */; };
		2BF91E781AAB5B310079CF08 /* NavigationControllerDelegate.swift in Sources */ = {isa = PBXBuildFile; fileRef = 2BF91E771AAB5B310079CF08 /* NavigationControllerDelegate.swift */; };
		2BF91E7A1AAB62390079CF08 /* ToProfileTransitionAnimator.swift in Sources */ = {isa = PBXBuildFile; fileRef = 2BF91E791AAB62390079CF08 /* ToProfileTransitionAnimator.swift */; };
		818E63931AA3B12200BAFDD5 /* AppDelegate.swift in Sources */ = {isa = PBXBuildFile; fileRef = 818E63921AA3B12200BAFDD5 /* AppDelegate.swift */; };
		818E63951AA3B12200BAFDD5 /* HomeViewController.swift in Sources */ = {isa = PBXBuildFile; fileRef = 818E63941AA3B12200BAFDD5 /* HomeViewController.swift */; };
		818E639A1AA3B12200BAFDD5 /* Images.xcassets in Resources */ = {isa = PBXBuildFile; fileRef = 818E63991AA3B12200BAFDD5 /* Images.xcassets */; };
		818E639D1AA3B12200BAFDD5 /* LaunchScreen.xib in Resources */ = {isa = PBXBuildFile; fileRef = 818E639B1AA3B12200BAFDD5 /* LaunchScreen.xib */; };
		818E63A91AA3B12200BAFDD5 /* OneSoundV2DemoTests.swift in Sources */ = {isa = PBXBuildFile; fileRef = 818E63A81AA3B12200BAFDD5 /* OneSoundV2DemoTests.swift */; };
		81FB5C4C1AA3CA7B003B83E3 /* PartyPageViewController.swift in Sources */ = {isa = PBXBuildFile; fileRef = 81FB5C4B1AA3CA7B003B83E3 /* PartyPageViewController.swift */; };
/* End PBXBuildFile section */

/* Begin PBXContainerItemProxy section */
		818E63A31AA3B12200BAFDD5 /* PBXContainerItemProxy */ = {
			isa = PBXContainerItemProxy;
			containerPortal = 818E63851AA3B12200BAFDD5 /* Project object */;
			proxyType = 1;
			remoteGlobalIDString = 818E638C1AA3B12200BAFDD5;
			remoteInfo = OneSoundV2Demo;
		};
/* End PBXContainerItemProxy section */

/* Begin PBXFileReference section */
		2B0577121ABF37160019A6AC /* FromProfileTransitionAnimator.swift */ = {isa = PBXFileReference; fileEncoding = 4; lastKnownFileType = sourcecode.swift; path = FromProfileTransitionAnimator.swift; sourceTree = "<group>"; };
		2B0577141AC347120019A6AC /* UIImage+ImageEffects.m */ = {isa = PBXFileReference; fileEncoding = 4; lastKnownFileType = sourcecode.c.objc; name = "UIImage+ImageEffects.m"; path = "OneSoundV2Demo/UIImage+ImageEffects.m"; sourceTree = "<group>"; };
		2B0577151AC347120019A6AC /* UIImage+ImageEffects.h */ = {isa = PBXFileReference; fileEncoding = 4; lastKnownFileType = sourcecode.c.h; name = "UIImage+ImageEffects.h"; path = "OneSoundV2Demo/UIImage+ImageEffects.h"; sourceTree = "<group>"; };
		2B0577181AC34A2A0019A6AC /* OneSoundBridgingHeader.h */ = {isa = PBXFileReference; lastKnownFileType = sourcecode.c.h; path = OneSoundBridgingHeader.h; sourceTree = "<group>"; };
		2BD13CF91AA8A25000A4AE64 /* ProfileViewController.swift */ = {isa = PBXFileReference; fileEncoding = 4; lastKnownFileType = sourcecode.swift; path = ProfileViewController.swift; sourceTree = "<group>"; };
		2BD13CFB1AA93AB700A4AE64 /* HomeViewController.xib */ = {isa = PBXFileReference; fileEncoding = 4; lastKnownFileType = file.xib; path = HomeViewController.xib; sourceTree = "<group>"; };
		2BD13CFD1AA9473100A4AE64 /* ProfileViewController.xib */ = {isa = PBXFileReference; fileEncoding = 4; lastKnownFileType = file.xib; path = ProfileViewController.xib; sourceTree = "<group>"; };
		2BD13D031AA9543300A4AE64 /* PartyEditViewController.swift */ = {isa = PBXFileReference; fileEncoding = 4; lastKnownFileType = sourcecode.swift; path = PartyEditViewController.swift; sourceTree = "<group>"; };
		2BD13D051AA9545400A4AE64 /* ProfileEditViewController.swift */ = {isa = PBXFileReference; fileEncoding = 4; lastKnownFileType = sourcecode.swift; path = ProfileEditViewController.swift; sourceTree = "<group>"; };
		2BD13D071AA954AC00A4AE64 /* PartyEditViewController.xib */ = {isa = PBXFileReference; fileEncoding = 4; lastKnownFileType = file.xib; path = PartyEditViewController.xib; sourceTree = "<group>"; };
		2BD13D091AA954D800A4AE64 /* ProfileEditViewController.xib */ = {isa = PBXFileReference; fileEncoding = 4; lastKnownFileType = file.xib; path = ProfileEditViewController.xib; sourceTree = "<group>"; };
		2BD13D0B1AA95AE300A4AE64 /* AddSongViewController.swift */ = {isa = PBXFileReference; fileEncoding = 4; lastKnownFileType = sourcecode.swift; path = AddSongViewController.swift; sourceTree = "<group>"; };
		2BD13D0D1AA95B0C00A4AE64 /* AddSongViewController.xib */ = {isa = PBXFileReference; fileEncoding = 4; lastKnownFileType = file.xib; path = AddSongViewController.xib; sourceTree = "<group>"; };
		2BF91E771AAB5B310079CF08 /* NavigationControllerDelegate.swift */ = {isa = PBXFileReference; fileEncoding = 4; lastKnownFileType = sourcecode.swift; path = NavigationControllerDelegate.swift; sourceTree = "<group>"; };
		2BF91E791AAB62390079CF08 /* ToProfileTransitionAnimator.swift */ = {isa = PBXFileReference; fileEncoding = 4; lastKnownFileType = sourcecode.swift; path = ToProfileTransitionAnimator.swift; sourceTree = "<group>"; };
		818E638D1AA3B12200BAFDD5 /* OneSoundV2Demo.app */ = {isa = PBXFileReference; explicitFileType = wrapper.application; includeInIndex = 0; path = OneSoundV2Demo.app; sourceTree = BUILT_PRODUCTS_DIR; };
		818E63911AA3B12200BAFDD5 /* Info.plist */ = {isa = PBXFileReference; lastKnownFileType = text.plist.xml; path = Info.plist; sourceTree = "<group>"; };
		818E63921AA3B12200BAFDD5 /* AppDelegate.swift */ = {isa = PBXFileReference; lastKnownFileType = sourcecode.swift; path = AppDelegate.swift; sourceTree = "<group>"; };
		818E63941AA3B12200BAFDD5 /* HomeViewController.swift */ = {isa = PBXFileReference; lastKnownFileType = sourcecode.swift; path = HomeViewController.swift; sourceTree = "<group>"; };
		818E63991AA3B12200BAFDD5 /* Images.xcassets */ = {isa = PBXFileReference; lastKnownFileType = folder.assetcatalog; path = Images.xcassets; sourceTree = "<group>"; };
		818E639C1AA3B12200BAFDD5 /* Base */ = {isa = PBXFileReference; lastKnownFileType = file.xib; name = Base; path = Base.lproj/LaunchScreen.xib; sourceTree = "<group>"; };
		818E63A21AA3B12200BAFDD5 /* OneSoundV2DemoTests.xctest */ = {isa = PBXFileReference; explicitFileType = wrapper.cfbundle; includeInIndex = 0; path = OneSoundV2DemoTests.xctest; sourceTree = BUILT_PRODUCTS_DIR; };
		818E63A71AA3B12200BAFDD5 /* Info.plist */ = {isa = PBXFileReference; lastKnownFileType = text.plist.xml; path = Info.plist; sourceTree = "<group>"; };
		818E63A81AA3B12200BAFDD5 /* OneSoundV2DemoTests.swift */ = {isa = PBXFileReference; lastKnownFileType = sourcecode.swift; path = OneSoundV2DemoTests.swift; sourceTree = "<group>"; };
		81FB5C4B1AA3CA7B003B83E3 /* PartyPageViewController.swift */ = {isa = PBXFileReference; fileEncoding = 4; lastKnownFileType = sourcecode.swift; path = PartyPageViewController.swift; sourceTree = "<group>"; };
/* End PBXFileReference section */

/* Begin PBXFrameworksBuildPhase section */
		818E638A1AA3B12200BAFDD5 /* Frameworks */ = {
			isa = PBXFrameworksBuildPhase;
			buildActionMask = 2147483647;
			files = (
			);
			runOnlyForDeploymentPostprocessing = 0;
		};
		818E639F1AA3B12200BAFDD5 /* Frameworks */ = {
			isa = PBXFrameworksBuildPhase;
			buildActionMask = 2147483647;
			files = (
			);
			runOnlyForDeploymentPostprocessing = 0;
		};
/* End PBXFrameworksBuildPhase section */

/* Begin PBXGroup section */
		818E63841AA3B12200BAFDD5 = {
			isa = PBXGroup;
			children = (
				2B0577181AC34A2A0019A6AC /* OneSoundBridgingHeader.h */,
				2B0577141AC347120019A6AC /* UIImage+ImageEffects.m */,
				2B0577151AC347120019A6AC /* UIImage+ImageEffects.h */,
				818E638F1AA3B12200BAFDD5 /* OneSoundV2Demo */,
				818E63A51AA3B12200BAFDD5 /* OneSoundV2DemoTests */,
				818E638E1AA3B12200BAFDD5 /* Products */,
			);
			sourceTree = "<group>";
		};
		818E638E1AA3B12200BAFDD5 /* Products */ = {
			isa = PBXGroup;
			children = (
				818E638D1AA3B12200BAFDD5 /* OneSoundV2Demo.app */,
				818E63A21AA3B12200BAFDD5 /* OneSoundV2DemoTests.xctest */,
			);
			name = Products;
			sourceTree = "<group>";
		};
		818E638F1AA3B12200BAFDD5 /* OneSoundV2Demo */ = {
			isa = PBXGroup;
			children = (
				818E63921AA3B12200BAFDD5 /* AppDelegate.swift */,
				2BD13D0B1AA95AE300A4AE64 /* AddSongViewController.swift */,
				818E63941AA3B12200BAFDD5 /* HomeViewController.swift */,
				81FB5C4B1AA3CA7B003B83E3 /* PartyPageViewController.swift */,
				2BD13D031AA9543300A4AE64 /* PartyEditViewController.swift */,
				2BD13CF91AA8A25000A4AE64 /* ProfileViewController.swift */,
				2BD13D051AA9545400A4AE64 /* ProfileEditViewController.swift */,
				2BD13D0D1AA95B0C00A4AE64 /* AddSongViewController.xib */,
				2BD13CFB1AA93AB700A4AE64 /* HomeViewController.xib */,
				2BD13CFD1AA9473100A4AE64 /* ProfileViewController.xib */,
				2BD13D071AA954AC00A4AE64 /* PartyEditViewController.xib */,
				2BD13D091AA954D800A4AE64 /* ProfileEditViewController.xib */,
				818E63991AA3B12200BAFDD5 /* Images.xcassets */,
				818E639B1AA3B12200BAFDD5 /* LaunchScreen.xib */,
				818E63901AA3B12200BAFDD5 /* Supporting Files */,
				2BF91E771AAB5B310079CF08 /* NavigationControllerDelegate.swift */,
				2BF91E791AAB62390079CF08 /* ToProfileTransitionAnimator.swift */,
				2B0577121ABF37160019A6AC /* FromProfileTransitionAnimator.swift */,
			);
			path = OneSoundV2Demo;
			sourceTree = "<group>";
		};
		818E63901AA3B12200BAFDD5 /* Supporting Files */ = {
			isa = PBXGroup;
			children = (
				818E63911AA3B12200BAFDD5 /* Info.plist */,
			);
			name = "Supporting Files";
			sourceTree = "<group>";
		};
		818E63A51AA3B12200BAFDD5 /* OneSoundV2DemoTests */ = {
			isa = PBXGroup;
			children = (
				818E63A81AA3B12200BAFDD5 /* OneSoundV2DemoTests.swift */,
				818E63A61AA3B12200BAFDD5 /* Supporting Files */,
			);
			path = OneSoundV2DemoTests;
			sourceTree = "<group>";
		};
		818E63A61AA3B12200BAFDD5 /* Supporting Files */ = {
			isa = PBXGroup;
			children = (
				818E63A71AA3B12200BAFDD5 /* Info.plist */,
			);
			name = "Supporting Files";
			sourceTree = "<group>";
		};
/* End PBXGroup section */

/* Begin PBXNativeTarget section */
		818E638C1AA3B12200BAFDD5 /* OneSoundV2Demo */ = {
			isa = PBXNativeTarget;
			buildConfigurationList = 818E63AC1AA3B12200BAFDD5 /* Build configuration list for PBXNativeTarget "OneSoundV2Demo" */;
			buildPhases = (
				818E63891AA3B12200BAFDD5 /* Sources */,
				818E638A1AA3B12200BAFDD5 /* Frameworks */,
				818E638B1AA3B12200BAFDD5 /* Resources */,
			);
			buildRules = (
			);
			dependencies = (
			);
			name = OneSoundV2Demo;
			productName = OneSoundV2Demo;
			productReference = 818E638D1AA3B12200BAFDD5 /* OneSoundV2Demo.app */;
			productType = "com.apple.product-type.application";
		};
		818E63A11AA3B12200BAFDD5 /* OneSoundV2DemoTests */ = {
			isa = PBXNativeTarget;
			buildConfigurationList = 818E63AF1AA3B12200BAFDD5 /* Build configuration list for PBXNativeTarget "OneSoundV2DemoTests" */;
			buildPhases = (
				818E639E1AA3B12200BAFDD5 /* Sources */,
				818E639F1AA3B12200BAFDD5 /* Frameworks */,
				818E63A01AA3B12200BAFDD5 /* Resources */,
			);
			buildRules = (
			);
			dependencies = (
				818E63A41AA3B12200BAFDD5 /* PBXTargetDependency */,
			);
			name = OneSoundV2DemoTests;
			productName = OneSoundV2DemoTests;
			productReference = 818E63A21AA3B12200BAFDD5 /* OneSoundV2DemoTests.xctest */;
			productType = "com.apple.product-type.bundle.unit-test";
		};
/* End PBXNativeTarget section */

/* Begin PBXProject section */
		818E63851AA3B12200BAFDD5 /* Project object */ = {
			isa = PBXProject;
			attributes = {
				LastUpgradeCheck = 0610;
				ORGANIZATIONNAME = "Adam Schoonmaker";
				TargetAttributes = {
					818E638C1AA3B12200BAFDD5 = {
						CreatedOnToolsVersion = 6.1.1;
						DevelopmentTeam = 8YP7AK358X;
					};
					818E63A11AA3B12200BAFDD5 = {
						CreatedOnToolsVersion = 6.1.1;
						TestTargetID = 818E638C1AA3B12200BAFDD5;
					};
				};
			};
			buildConfigurationList = 818E63881AA3B12200BAFDD5 /* Build configuration list for PBXProject "OneSoundV2Demo" */;
			compatibilityVersion = "Xcode 3.2";
			developmentRegion = English;
			hasScannedForEncodings = 0;
			knownRegions = (
				en,
				Base,
			);
			mainGroup = 818E63841AA3B12200BAFDD5;
			productRefGroup = 818E638E1AA3B12200BAFDD5 /* Products */;
			projectDirPath = "";
			projectRoot = "";
			targets = (
				818E638C1AA3B12200BAFDD5 /* OneSoundV2Demo */,
				818E63A11AA3B12200BAFDD5 /* OneSoundV2DemoTests */,
			);
		};
/* End PBXProject section */

/* Begin PBXResourcesBuildPhase section */
		818E638B1AA3B12200BAFDD5 /* Resources */ = {
			isa = PBXResourcesBuildPhase;
			buildActionMask = 2147483647;
			files = (
				2BD13D0E1AA95B0C00A4AE64 /* AddSongViewController.xib in Resources */,
				2BD13D0A1AA954D800A4AE64 /* ProfileEditViewController.xib in Resources */,
				2BD13D081AA954AC00A4AE64 /* PartyEditViewController.xib in Resources */,
				818E639D1AA3B12200BAFDD5 /* LaunchScreen.xib in Resources */,
				818E639A1AA3B12200BAFDD5 /* Images.xcassets in Resources */,
				2BD13CFE1AA9473100A4AE64 /* ProfileViewController.xib in Resources */,
				2BD13CFC1AA93AB700A4AE64 /* HomeViewController.xib in Resources */,
			);
			runOnlyForDeploymentPostprocessing = 0;
		};
		818E63A01AA3B12200BAFDD5 /* Resources */ = {
			isa = PBXResourcesBuildPhase;
			buildActionMask = 2147483647;
			files = (
			);
			runOnlyForDeploymentPostprocessing = 0;
		};
/* End PBXResourcesBuildPhase section */

/* Begin PBXSourcesBuildPhase section */
		818E63891AA3B12200BAFDD5 /* Sources */ = {
			isa = PBXSourcesBuildPhase;
			buildActionMask = 2147483647;
			files = (
				81FB5C4C1AA3CA7B003B83E3 /* PartyPageViewController.swift in Sources */,
				818E63951AA3B12200BAFDD5 /* HomeViewController.swift in Sources */,
				2BD13D041AA9543300A4AE64 /* PartyEditViewController.swift in Sources */,
				2BD13CFA1AA8A25000A4AE64 /* ProfileViewController.swift in Sources */,
				2B0577161AC347120019A6AC /* UIImage+ImageEffects.m in Sources */,
				2B0577131ABF37160019A6AC /* FromProfileTransitionAnimator.swift in Sources */,
				2BF91E781AAB5B310079CF08 /* NavigationControllerDelegate.swift in Sources */,
				2BF91E7A1AAB62390079CF08 /* ToProfileTransitionAnimator.swift in Sources */,
				2BD13D061AA9545400A4AE64 /* ProfileEditViewController.swift in Sources */,
				818E63931AA3B12200BAFDD5 /* AppDelegate.swift in Sources */,
				2BD13D0C1AA95AE300A4AE64 /* AddSongViewController.swift in Sources */,
			);
			runOnlyForDeploymentPostprocessing = 0;
		};
		818E639E1AA3B12200BAFDD5 /* Sources */ = {
			isa = PBXSourcesBuildPhase;
			buildActionMask = 2147483647;
			files = (
				818E63A91AA3B12200BAFDD5 /* OneSoundV2DemoTests.swift in Sources */,
			);
			runOnlyForDeploymentPostprocessing = 0;
		};
/* End PBXSourcesBuildPhase section */

/* Begin PBXTargetDependency section */
		818E63A41AA3B12200BAFDD5 /* PBXTargetDependency */ = {
			isa = PBXTargetDependency;
			target = 818E638C1AA3B12200BAFDD5 /* OneSoundV2Demo */;
			targetProxy = 818E63A31AA3B12200BAFDD5 /* PBXContainerItemProxy */;
		};
/* End PBXTargetDependency section */

/* Begin PBXVariantGroup section */
		818E639B1AA3B12200BAFDD5 /* LaunchScreen.xib */ = {
			isa = PBXVariantGroup;
			children = (
				818E639C1AA3B12200BAFDD5 /* Base */,
			);
			name = LaunchScreen.xib;
			sourceTree = "<group>";
		};
/* End PBXVariantGroup section */

/* Begin XCBuildConfiguration section */
		818E63AA1AA3B12200BAFDD5 /* Debug */ = {
			isa = XCBuildConfiguration;
			buildSettings = {
				ALWAYS_SEARCH_USER_PATHS = NO;
				CLANG_CXX_LANGUAGE_STANDARD = "gnu++0x";
				CLANG_CXX_LIBRARY = "libc++";
				CLANG_ENABLE_MODULES = YES;
				CLANG_ENABLE_OBJC_ARC = YES;
				CLANG_WARN_BOOL_CONVERSION = YES;
				CLANG_WARN_CONSTANT_CONVERSION = YES;
				CLANG_WARN_DIRECT_OBJC_ISA_USAGE = YES_ERROR;
				CLANG_WARN_EMPTY_BODY = YES;
				CLANG_WARN_ENUM_CONVERSION = YES;
				CLANG_WARN_INT_CONVERSION = YES;
				CLANG_WARN_OBJC_ROOT_CLASS = YES_ERROR;
				CLANG_WARN_UNREACHABLE_CODE = YES;
				CLANG_WARN__DUPLICATE_METHOD_MATCH = YES;
				"CODE_SIGN_IDENTITY[sdk=iphoneos*]" = "iPhone Developer";
				COPY_PHASE_STRIP = NO;
				ENABLE_STRICT_OBJC_MSGSEND = YES;
				GCC_C_LANGUAGE_STANDARD = gnu99;
				GCC_DYNAMIC_NO_PIC = NO;
				GCC_OPTIMIZATION_LEVEL = 0;
				GCC_PREPROCESSOR_DEFINITIONS = (
					"DEBUG=1",
					"$(inherited)",
				);
				GCC_SYMBOLS_PRIVATE_EXTERN = NO;
				GCC_WARN_64_TO_32_BIT_CONVERSION = YES;
				GCC_WARN_ABOUT_RETURN_TYPE = YES_ERROR;
				GCC_WARN_UNDECLARED_SELECTOR = YES;
				GCC_WARN_UNINITIALIZED_AUTOS = YES_AGGRESSIVE;
				GCC_WARN_UNUSED_FUNCTION = YES;
				GCC_WARN_UNUSED_VARIABLE = YES;
				IPHONEOS_DEPLOYMENT_TARGET = 8.1;
				MTL_ENABLE_DEBUG_INFO = YES;
				ONLY_ACTIVE_ARCH = YES;
				SDKROOT = iphoneos;
				SWIFT_OBJC_BRIDGING_HEADER = OneSoundBridgingHeader.h;
				SWIFT_OPTIMIZATION_LEVEL = "-Onone";
			};
			name = Debug;
		};
		818E63AB1AA3B12200BAFDD5 /* Release */ = {
			isa = XCBuildConfiguration;
			buildSettings = {
				ALWAYS_SEARCH_USER_PATHS = NO;
				CLANG_CXX_LANGUAGE_STANDARD = "gnu++0x";
				CLANG_CXX_LIBRARY = "libc++";
				CLANG_ENABLE_MODULES = YES;
				CLANG_ENABLE_OBJC_ARC = YES;
				CLANG_WARN_BOOL_CONVERSION = YES;
				CLANG_WARN_CONSTANT_CONVERSION = YES;
				CLANG_WARN_DIRECT_OBJC_ISA_USAGE = YES_ERROR;
				CLANG_WARN_EMPTY_BODY = YES;
				CLANG_WARN_ENUM_CONVERSION = YES;
				CLANG_WARN_INT_CONVERSION = YES;
				CLANG_WARN_OBJC_ROOT_CLASS = YES_ERROR;
				CLANG_WARN_UNREACHABLE_CODE = YES;
				CLANG_WARN__DUPLICATE_METHOD_MATCH = YES;
				"CODE_SIGN_IDENTITY[sdk=iphoneos*]" = "iPhone Developer";
				COPY_PHASE_STRIP = YES;
				ENABLE_NS_ASSERTIONS = NO;
				ENABLE_STRICT_OBJC_MSGSEND = YES;
				GCC_C_LANGUAGE_STANDARD = gnu99;
				GCC_WARN_64_TO_32_BIT_CONVERSION = YES;
				GCC_WARN_ABOUT_RETURN_TYPE = YES_ERROR;
				GCC_WARN_UNDECLARED_SELECTOR = YES;
				GCC_WARN_UNINITIALIZED_AUTOS = YES_AGGRESSIVE;
				GCC_WARN_UNUSED_FUNCTION = YES;
				GCC_WARN_UNUSED_VARIABLE = YES;
				IPHONEOS_DEPLOYMENT_TARGET = 8.1;
				MTL_ENABLE_DEBUG_INFO = NO;
				SDKROOT = iphoneos;
				SWIFT_OBJC_BRIDGING_HEADER = OneSoundBridgingHeader.h;
				VALIDATE_PRODUCT = YES;
			};
			name = Release;
		};
		818E63AD1AA3B12200BAFDD5 /* Debug */ = {
			isa = XCBuildConfiguration;
			buildSettings = {
				ASSETCATALOG_COMPILER_APPICON_NAME = AppIcon;
				CODE_SIGN_IDENTITY = "iPhone Developer";
				INFOPLIST_FILE = OneSoundV2Demo/Info.plist;
				LD_RUNPATH_SEARCH_PATHS = "$(inherited) @executable_path/Frameworks";
				PRODUCT_NAME = "$(TARGET_NAME)";
			};
			name = Debug;
		};
		818E63AE1AA3B12200BAFDD5 /* Release */ = {
			isa = XCBuildConfiguration;
			buildSettings = {
				ASSETCATALOG_COMPILER_APPICON_NAME = AppIcon;
				CODE_SIGN_IDENTITY = "iPhone Developer";
				INFOPLIST_FILE = OneSoundV2Demo/Info.plist;
				LD_RUNPATH_SEARCH_PATHS = "$(inherited) @executable_path/Frameworks";
				PRODUCT_NAME = "$(TARGET_NAME)";
			};
			name = Release;
		};
		818E63B01AA3B12200BAFDD5 /* Debug */ = {
			isa = XCBuildConfiguration;
			buildSettings = {
				BUNDLE_LOADER = "$(TEST_HOST)";
				FRAMEWORK_SEARCH_PATHS = (
					"$(SDKROOT)/Developer/Library/Frameworks",
					"$(inherited)",
				);
				GCC_PREPROCESSOR_DEFINITIONS = (
					"DEBUG=1",
					"$(inherited)",
				);
				INFOPLIST_FILE = OneSoundV2DemoTests/Info.plist;
				LD_RUNPATH_SEARCH_PATHS = "$(inherited) @executable_path/Frameworks @loader_path/Frameworks";
				PRODUCT_NAME = "$(TARGET_NAME)";
				TEST_HOST = "$(BUILT_PRODUCTS_DIR)/OneSoundV2Demo.app/OneSoundV2Demo";
			};
			name = Debug;
		};
		818E63B11AA3B12200BAFDD5 /* Release */ = {
			isa = XCBuildConfiguration;
			buildSettings = {
				BUNDLE_LOADER = "$(TEST_HOST)";
				FRAMEWORK_SEARCH_PATHS = (
					"$(SDKROOT)/Developer/Library/Frameworks",
					"$(inherited)",
				);
				INFOPLIST_FILE = OneSoundV2DemoTests/Info.plist;
				LD_RUNPATH_SEARCH_PATHS = "$(inherited) @executable_path/Frameworks @loader_path/Frameworks";
				PRODUCT_NAME = "$(TARGET_NAME)";
				TEST_HOST = "$(BUILT_PRODUCTS_DIR)/OneSoundV2Demo.app/OneSoundV2Demo";
			};
			name = Release;
		};
/* End XCBuildConfiguration section */

/* Begin XCConfigurationList section */
		818E63881AA3B12200BAFDD5 /* Build configuration list for PBXProject "OneSoundV2Demo" */ = {
			isa = XCConfigurationList;
			buildConfigurations = (
				818E63AA1AA3B12200BAFDD5 /* Debug */,
				818E63AB1AA3B12200BAFDD5 /* Release */,
			);
			defaultConfigurationIsVisible = 0;
			defaultConfigurationName = Release;
		};
		818E63AC1AA3B12200BAFDD5 /* Build configuration list for PBXNativeTarget "OneSoundV2Demo" */ = {
			isa = XCConfigurationList;
			buildConfigurations = (
				818E63AD1AA3B12200BAFDD5 /* Debug */,
				818E63AE1AA3B12200BAFDD5 /* Release */,
			);
			defaultConfigurationIsVisible = 0;
			defaultConfigurationName = Release;
		};
		818E63AF1AA3B12200BAFDD5 /* Build configuration list for PBXNativeTarget "OneSoundV2DemoTests" */ = {
			isa = XCConfigurationList;
			buildConfigurations = (
				818E63B01AA3B12200BAFDD5 /* Debug */,
				818E63B11AA3B12200BAFDD5 /* Release */,
			);
			defaultConfigurationIsVisible = 0;
			defaultConfigurationName = Release;
		};
/* End XCConfigurationList section */
	};
	rootObject = 818E63851AA3B12200BAFDD5 /* Project object */;
}
