// !$*UTF8*$!
{
	archiveVersion = 1;
	classes = {
	};
	objectVersion = 46;
	objects = {

/* Begin PBXBuildFile section */
		818E63931AA3B12200BAFDD5 /* AppDelegate.swift in Sources */ = {isa = PBXBuildFile; fileRef = 818E63921AA3B12200BAFDD5 /* AppDelegate.swift */; };
		818E63951AA3B12200BAFDD5 /* ViewController.swift in Sources */ = {isa = PBXBuildFile; fileRef = 818E63941AA3B12200BAFDD5 /* ViewController.swift */; };
		818E63981AA3B12200BAFDD5 /* Main.storyboard in Resources */ = {isa = PBXBuildFile; fileRef = 818E63961AA3B12200BAFDD5 /* Main.storyboard */; };
		818E639A1AA3B12200BAFDD5 /* Images.xcassets in Resources */ = {isa = PBXBuildFile; fileRef = 818E63991AA3B12200BAFDD5 /* Images.xcassets */; };
		818E639D1AA3B12200BAFDD5 /* LaunchScreen.xib in Resources */ = {isa = PBXBuildFile; fileRef = 818E639B1AA3B12200BAFDD5 /* LaunchScreen.xib */; };
		818E63A91AA3B12200BAFDD5 /* OneSoundV2DemoTests.swift in Sources */ = {isa = PBXBuildFile; fileRef = 818E63A81AA3B12200BAFDD5 /* OneSoundV2DemoTests.swift */; };
		81FB5C4C1AA3CA7B003B83E3 /* PartyPageViewController.swift in Sources */ = {isa = PBXBuildFile; fileRef = 81FB5C4B1AA3CA7B003B83E3 /* PartyPageViewController.swift */; };
/* End PBXBuildFile section */

/* Begin PBXContainerItemProxy section */
		818E63A31AA3B12200BAFDD5 /* PBXContainerItemProxy */ = {
			isa = PBXContainerItemProxy;
			containerPortal = 818E63851AA3B12200BAFDD5 /* Project object */;
			proxyType = 1;
			remoteGlobalIDString = 818E638C1AA3B12200BAFDD5;
			remoteInfo = OneSoundV2Demo;
		};
/* End PBXContainerItemProxy section */

/* Begin PBXFileReference section */
		818E638D1AA3B12200BAFDD5 /* OneSoundV2Demo.app */ = {isa = PBXFileReference; explicitFileType = wrapper.application; includeInIndex = 0; path = OneSoundV2Demo.app; sourceTree = BUILT_PRODUCTS_DIR; };
		818E63911AA3B12200BAFDD5 /* Info.plist */ = {isa = PBXFileReference; lastKnownFileType = text.plist.xml; path = Info.plist; sourceTree = "<group>"; };
		818E63921AA3B12200BAFDD5 /* AppDelegate.swift */ = {isa = PBXFileReference; lastKnownFileType = sourcecode.swift; path = AppDelegate.swift; sourceTree = "<group>"; };
		818E63941AA3B12200BAFDD5 /* ViewController.swift */ = {isa = PBXFileReference; lastKnownFileType = sourcecode.swift; path = ViewController.swift; sourceTree = "<group>"; };
		818E63971AA3B12200BAFDD5 /* Base */ = {isa = PBXFileReference; lastKnownFileType = file.storyboard; name = Base; path = Base.lproj/Main.storyboard; sourceTree = "<group>"; };
		818E63991AA3B12200BAFDD5 /* Images.xcassets */ = {isa = PBXFileReference; lastKnownFileType = folder.assetcatalog; path = Images.xcassets; sourceTree = "<group>"; };
		818E639C1AA3B12200BAFDD5 /* Base */ = {isa = PBXFileReference; lastKnownFileType = file.xib; name = Base; path = Base.lproj/LaunchScreen.xib; sourceTree = "<group>"; };
		818E63A21AA3B12200BAFDD5 /* OneSoundV2DemoTests.xctest */ = {isa = PBXFileReference; explicitFileType = wrapper.cfbundle; includeInIndex = 0; path = OneSoundV2DemoTests.xctest; sourceTree = BUILT_PRODUCTS_DIR; };
		818E63A71AA3B12200BAFDD5 /* Info.plist */ = {isa = PBXFileReference; lastKnownFileType = text.plist.xml; path = Info.plist; sourceTree = "<group>"; };
		818E63A81AA3B12200BAFDD5 /* OneSoundV2DemoTests.swift */ = {isa = PBXFileReference; lastKnownFileType = sourcecode.swift; path = OneSoundV2DemoTests.swift; sourceTree = "<group>"; };
		81FB5C4B1AA3CA7B003B83E3 /* PartyPageViewController.swift */ = {isa = PBXFileReference; fileEncoding = 4; lastKnownFileType = sourcecode.swift; path = PartyPageViewController.swift; sourceTree = "<group>"; };
/* End PBXFileReference section */

/* Begin PBXFrameworksBuildPhase section */
		818E638A1AA3B12200BAFDD5 /* Frameworks */ = {
			isa = PBXFrameworksBuildPhase;
			buildActionMask = 2147483647;
			files = (
			);
			runOnlyForDeploymentPostprocessing = 0;
		};
		818E639F1AA3B12200BAFDD5 /* Frameworks */ = {
			isa = PBXFrameworksBuildPhase;
			buildActionMask = 2147483647;
			files = (
			);
			runOnlyForDeploymentPostprocessing = 0;
		};
/* End PBXFrameworksBuildPhase section */

/* Begin PBXGroup section */
		818E63841AA3B12200BAFDD5 = {
			isa = PBXGroup;
			children = (
				818E638F1AA3B12200BAFDD5 /* OneSoundV2Demo */,
				818E63A51AA3B12200BAFDD5 /* OneSoundV2DemoTests */,
				818E638E1AA3B12200BAFDD5 /* Products */,
			);
			sourceTree = "<group>";
		};
		818E638E1AA3B12200BAFDD5 /* Products */ = {
			isa = PBXGroup;
			children = (
				818E638D1AA3B12200BAFDD5 /* OneSoundV2Demo.app */,
				818E63A21AA3B12200BAFDD5 /* OneSoundV2DemoTests.xctest */,
			);
			name = Products;
			sourceTree = "<group>";
		};
		818E638F1AA3B12200BAFDD5 /* OneSoundV2Demo */ = {
			isa = PBXGroup;
			children = (
				818E63921AA3B12200BAFDD5 /* AppDelegate.swift */,
				818E63941AA3B12200BAFDD5 /* ViewController.swift */,
				81FB5C4B1AA3CA7B003B83E3 /* PartyPageViewController.swift */,
				818E63961AA3B12200BAFDD5 /* Main.storyboard */,
				818E63991AA3B12200BAFDD5 /* Images.xcassets */,
				818E639B1AA3B12200BAFDD5 /* LaunchScreen.xib */,
				818E63901AA3B12200BAFDD5 /* Supporting Files */,
			);
			path = OneSoundV2Demo;
			sourceTree = "<group>";
		};
		818E63901AA3B12200BAFDD5 /* Supporting Files */ = {
			isa = PBXGroup;
			children = (
				818E63911AA3B12200BAFDD5 /* Info.plist */,
			);
			name = "Supporting Files";
			sourceTree = "<group>";
		};
		818E63A51AA3B12200BAFDD5 /* OneSoundV2DemoTests */ = {
			isa = PBXGroup;
			children = (
				818E63A81AA3B12200BAFDD5 /* OneSoundV2DemoTests.swift */,
				818E63A61AA3B12200BAFDD5 /* Supporting Files */,
			);
			path = OneSoundV2DemoTests;
			sourceTree = "<group>";
		};
		818E63A61AA3B12200BAFDD5 /* Supporting Files */ = {
			isa = PBXGroup;
			children = (
				818E63A71AA3B12200BAFDD5 /* Info.plist */,
			);
			name = "Supporting Files";
			sourceTree = "<group>";
		};
/* End PBXGroup section */

/* Begin PBXNativeTarget section */
		818E638C1AA3B12200BAFDD5 /* OneSoundV2Demo */ = {
			isa = PBXNativeTarget;
			buildConfigurationList = 818E63AC1AA3B12200BAFDD5 /* Build configuration list for PBXNativeTarget "OneSoundV2Demo" */;
			buildPhases = (
				818E63891AA3B12200BAFDD5 /* Sources */,
				818E638A1AA3B12200BAFDD5 /* Frameworks */,
				818E638B1AA3B12200BAFDD5 /* Resources */,
			);
			buildRules = (
			);
			dependencies = (
			);
			name = OneSoundV2Demo;
			productName = OneSoundV2Demo;
			productReference = 818E638D1AA3B12200BAFDD5 /* OneSoundV2Demo.app */;
			productType = "com.apple.product-type.application";
		};
		818E63A11AA3B12200BAFDD5 /* OneSoundV2DemoTests */ = {
			isa = PBXNativeTarget;
			buildConfigurationList = 818E63AF1AA3B12200BAFDD5 /* Build configuration list for PBXNativeTarget "OneSoundV2DemoTests" */;
			buildPhases = (
				818E639E1AA3B12200BAFDD5 /* Sources */,
				818E639F1AA3B12200BAFDD5 /* Frameworks */,
				818E63A01AA3B12200BAFDD5 /* Resources */,
			);
			buildRules = (
			);
			dependencies = (
				818E63A41AA3B12200BAFDD5 /* PBXTargetDependency */,
			);
			name = OneSoundV2DemoTests;
			productName = OneSoundV2DemoTests;
			productReference = 818E63A21AA3B12200BAFDD5 /* OneSoundV2DemoTests.xctest */;
			productType = "com.apple.product-type.bundle.unit-test";
		};
/* End PBXNativeTarget section */

/* Begin PBXProject section */
		818E63851AA3B12200BAFDD5 /* Project object */ = {
			isa = PBXProject;
			attributes = {
				LastUpgradeCheck = 0610;
				ORGANIZATIONNAME = "Adam Schoonmaker";
				TargetAttributes = {
					818E638C1AA3B12200BAFDD5 = {
						CreatedOnToolsVersion = 6.1.1;
					};
					818E63A11AA3B12200BAFDD5 = {
						CreatedOnToolsVersion = 6.1.1;
						TestTargetID = 818E638C1AA3B12200BAFDD5;
					};
				};
			};
			buildConfigurationList = 818E63881AA3B12200BAFDD5 /* Build configuration list for PBXProject "OneSoundV2Demo" */;
			compatibilityVersion = "Xcode 3.2";
			developmentRegion = English;
			hasScannedForEncodings = 0;
			knownRegions = (
				en,
				Base,
			);
			mainGroup = 818E63841AA3B12200BAFDD5;
			productRefGroup = 818E638E1AA3B12200BAFDD5 /* Products */;
			projectDirPath = "";
			projectRoot = "";
			targets = (
				818E638C1AA3B12200BAFDD5 /* OneSoundV2Demo */,
				818E63A11AA3B12200BAFDD5 /* OneSoundV2DemoTests */,
			);
		};
/* End PBXProject section */

/* Begin PBXResourcesBuildPhase section */
		818E638B1AA3B12200BAFDD5 /* Resources */ = {
			isa = PBXResourcesBuildPhase;
			buildActionMask = 2147483647;
			files = (
				818E63981AA3B12200BAFDD5 /* Main.storyboard in Resources */,
				818E639D1AA3B12200BAFDD5 /* LaunchScreen.xib in Resources */,
				818E639A1AA3B12200BAFDD5 /* Images.xcassets in Resources */,
			);
			runOnlyForDeploymentPostprocessing = 0;
		};
		818E63A01AA3B12200BAFDD5 /* Resources */ = {
			isa = PBXResourcesBuildPhase;
			buildActionMask = 2147483647;
			files = (
			);
			runOnlyForDeploymentPostprocessing = 0;
		};
/* End PBXResourcesBuildPhase section */

/* Begin PBXSourcesBuildPhase section */
		818E63891AA3B12200BAFDD5 /* Sources */ = {
			isa = PBXSourcesBuildPhase;
			buildActionMask = 2147483647;
			files = (
				81FB5C4C1AA3CA7B003B83E3 /* PartyPageViewController.swift in Sources */,
				818E63951AA3B12200BAFDD5 /* ViewController.swift in Sources */,
				818E63931AA3B12200BAFDD5 /* AppDelegate.swift in Sources */,
			);
			runOnlyForDeploymentPostprocessing = 0;
		};
		818E639E1AA3B12200BAFDD5 /* Sources */ = {
			isa = PBXSourcesBuildPhase;
			buildActionMask = 2147483647;
			files = (
				818E63A91AA3B12200BAFDD5 /* OneSoundV2DemoTests.swift in Sources */,
			);
			runOnlyForDeploymentPostprocessing = 0;
		};
/* End PBXSourcesBuildPhase section */

/* Begin PBXTargetDependency section */
		818E63A41AA3B12200BAFDD5 /* PBXTargetDependency */ = {
			isa = PBXTargetDependency;
			target = 818E638C1AA3B12200BAFDD5 /* OneSoundV2Demo */;
			targetProxy = 818E63A31AA3B12200BAFDD5 /* PBXContainerItemProxy */;
		};
/* End PBXTargetDependency section */

/* Begin PBXVariantGroup section */
		818E63961AA3B12200BAFDD5 /* Main.storyboard */ = {
			isa = PBXVariantGroup;
			children = (
				818E63971AA3B12200BAFDD5 /* Base */,
			);
			name = Main.storyboard;
			sourceTree = "<group>";
		};
		818E639B1AA3B12200BAFDD5 /* LaunchScreen.xib */ = {
			isa = PBXVariantGroup;
			children = (
				818E639C1AA3B12200BAFDD5 /* Base */,
			);
			name = LaunchScreen.xib;
			sourceTree = "<group>";
		};
/* End PBXVariantGroup section */

/* Begin XCBuildConfiguration section */
		818E63AA1AA3B12200BAFDD5 /* Debug */ = {
			isa = XCBuildConfiguration;
			buildSettings = {
				ALWAYS_SEARCH_USER_PATHS = NO;
				CLANG_CXX_LANGUAGE_STANDARD = "gnu++0x";
				CLANG_CXX_LIBRARY = "libc++";
				CLANG_ENABLE_MODULES = YES;
				CLANG_ENABLE_OBJC_ARC = YES;
				CLANG_WARN_BOOL_CONVERSION = YES;
				CLANG_WARN_CONSTANT_CONVERSION = YES;
				CLANG_WARN_DIRECT_OBJC_ISA_USAGE = YES_ERROR;
				CLANG_WARN_EMPTY_BODY = YES;
				CLANG_WARN_ENUM_CONVERSION = YES;
				CLANG_WARN_INT_CONVERSION = YES;
				CLANG_WARN_OBJC_ROOT_CLASS = YES_ERROR;
				CLANG_WARN_UNREACHABLE_CODE = YES;
				CLANG_WARN__DUPLICATE_METHOD_MATCH = YES;
				"CODE_SIGN_IDENTITY[sdk=iphoneos*]" = "iPhone Developer";
				COPY_PHASE_STRIP = NO;
				ENABLE_STRICT_OBJC_MSGSEND = YES;
				GCC_C_LANGUAGE_STANDARD = gnu99;
				GCC_DYNAMIC_NO_PIC = NO;
				GCC_OPTIMIZATION_LEVEL = 0;
				GCC_PREPROCESSOR_DEFINITIONS = (
					"DEBUG=1",
					"$(inherited)",
				);
				GCC_SYMBOLS_PRIVATE_EXTERN = NO;
				GCC_WARN_64_TO_32_BIT_CONVERSION = YES;
				GCC_WARN_ABOUT_RETURN_TYPE = YES_ERROR;
				GCC_WARN_UNDECLARED_SELECTOR = YES;
				GCC_WARN_UNINITIALIZED_AUTOS = YES_AGGRESSIVE;
				GCC_WARN_UNUSED_FUNCTION = YES;
				GCC_WARN_UNUSED_VARIABLE = YES;
				IPHONEOS_DEPLOYMENT_TARGET = 8.1;
				MTL_ENABLE_DEBUG_INFO = YES;
				ONLY_ACTIVE_ARCH = YES;
				SDKROOT = iphoneos;
				SWIFT_OPTIMIZATION_LEVEL = "-Onone";
			};
			name = Debug;
		};
		818E63AB1AA3B12200BAFDD5 /* Release */ = {
			isa = XCBuildConfiguration;
			buildSettings = {
				ALWAYS_SEARCH_USER_PATHS = NO;
				CLANG_CXX_LANGUAGE_STANDARD = "gnu++0x";
				CLANG_CXX_LIBRARY = "libc++";
				CLANG_ENABLE_MODULES = YES;
				CLANG_ENABLE_OBJC_ARC = YES;
				CLANG_WARN_BOOL_CONVERSION = YES;
				CLANG_WARN_CONSTANT_CONVERSION = YES;
				CLANG_WARN_DIRECT_OBJC_ISA_USAGE = YES_ERROR;
				CLANG_WARN_EMPTY_BODY = YES;
				CLANG_WARN_ENUM_CONVERSION = YES;
				CLANG_WARN_INT_CONVERSION = YES;
				CLANG_WARN_OBJC_ROOT_CLASS = YES_ERROR;
				CLANG_WARN_UNREACHABLE_CODE = YES;
				CLANG_WARN__DUPLICATE_METHOD_MATCH = YES;
				"CODE_SIGN_IDENTITY[sdk=iphoneos*]" = "iPhone Developer";
				COPY_PHASE_STRIP = YES;
				ENABLE_NS_ASSERTIONS = NO;
				ENABLE_STRICT_OBJC_MSGSEND = YES;
				GCC_C_LANGUAGE_STANDARD = gnu99;
				GCC_WARN_64_TO_32_BIT_CONVERSION = YES;
				GCC_WARN_ABOUT_RETURN_TYPE = YES_ERROR;
				GCC_WARN_UNDECLARED_SELECTOR = YES;
				GCC_WARN_UNINITIALIZED_AUTOS = YES_AGGRESSIVE;
				GCC_WARN_UNUSED_FUNCTION = YES;
				GCC_WARN_UNUSED_VARIABLE = YES;
				IPHONEOS_DEPLOYMENT_TARGET = 8.1;
				MTL_ENABLE_DEBUG_INFO = NO;
				SDKROOT = iphoneos;
				VALIDATE_PRODUCT = YES;
			};
			name = Release;
		};
		818E63AD1AA3B12200BAFDD5 /* Debug */ = {
			isa = XCBuildConfiguration;
			buildSettings = {
				ASSETCATALOG_COMPILER_APPICON_NAME = AppIcon;
				INFOPLIST_FILE = OneSoundV2Demo/Info.plist;
				LD_RUNPATH_SEARCH_PATHS = "$(inherited) @executable_path/Frameworks";
				PRODUCT_NAME = "$(TARGET_NAME)";
			};
			name = Debug;
		};
		818E63AE1AA3B12200BAFDD5 /* Release */ = {
			isa = XCBuildConfiguration;
			buildSettings = {
				ASSETCATALOG_COMPILER_APPICON_NAME = AppIcon;
				INFOPLIST_FILE = OneSoundV2Demo/Info.plist;
				LD_RUNPATH_SEARCH_PATHS = "$(inherited) @executable_path/Frameworks";
				PRODUCT_NAME = "$(TARGET_NAME)";
			};
			name = Release;
		};
		818E63B01AA3B12200BAFDD5 /* Debug */ = {
			isa = XCBuildConfiguration;
			buildSettings = {
				BUNDLE_LOADER = "$(TEST_HOST)";
				FRAMEWORK_SEARCH_PATHS = (
					"$(SDKROOT)/Developer/Library/Frameworks",
					"$(inherited)",
				);
				GCC_PREPROCESSOR_DEFINITIONS = (
					"DEBUG=1",
					"$(inherited)",
				);
				INFOPLIST_FILE = OneSoundV2DemoTests/Info.plist;
				LD_RUNPATH_SEARCH_PATHS = "$(inherited) @executable_path/Frameworks @loader_path/Frameworks";
				PRODUCT_NAME = "$(TARGET_NAME)";
				TEST_HOST = "$(BUILT_PRODUCTS_DIR)/OneSoundV2Demo.app/OneSoundV2Demo";
			};
			name = Debug;
		};
		818E63B11AA3B12200BAFDD5 /* Release */ = {
			isa = XCBuildConfiguration;
			buildSettings = {
				BUNDLE_LOADER = "$(TEST_HOST)";
				FRAMEWORK_SEARCH_PATHS = (
					"$(SDKROOT)/Developer/Library/Frameworks",
					"$(inherited)",
				);
				INFOPLIST_FILE = OneSoundV2DemoTests/Info.plist;
				LD_RUNPATH_SEARCH_PATHS = "$(inherited) @executable_path/Frameworks @loader_path/Frameworks";
				PRODUCT_NAME = "$(TARGET_NAME)";
				TEST_HOST = "$(BUILT_PRODUCTS_DIR)/OneSoundV2Demo.app/OneSoundV2Demo";
			};
			name = Release;
		};
/* End XCBuildConfiguration section */

/* Begin XCConfigurationList section */
		818E63881AA3B12200BAFDD5 /* Build configuration list for PBXProject "OneSoundV2Demo" */ = {
			isa = XCConfigurationList;
			buildConfigurations = (
				818E63AA1AA3B12200BAFDD5 /* Debug */,
				818E63AB1AA3B12200BAFDD5 /* Release */,
			);
			defaultConfigurationIsVisible = 0;
			defaultConfigurationName = Release;
		};
		818E63AC1AA3B12200BAFDD5 /* Build configuration list for PBXNativeTarget "OneSoundV2Demo" */ = {
			isa = XCConfigurationList;
			buildConfigurations = (
				818E63AD1AA3B12200BAFDD5 /* Debug */,
				818E63AE1AA3B12200BAFDD5 /* Release */,
			);
			defaultConfigurationIsVisible = 0;
			defaultConfigurationName = Release;
		};
		818E63AF1AA3B12200BAFDD5 /* Build configuration list for PBXNativeTarget "OneSoundV2DemoTests" */ = {
			isa = XCConfigurationList;
			buildConfigurations = (
				818E63B01AA3B12200BAFDD5 /* Debug */,
				818E63B11AA3B12200BAFDD5 /* Release */,
			);
			defaultConfigurationIsVisible = 0;
			defaultConfigurationName = Release;
		};
/* End XCConfigurationList section */
	};
	rootObject = 818E63851AA3B12200BAFDD5 /* Project object */;
}
