// !$*UTF8*$!
{
	archiveVersion = 1;
	classes = {
	};
	objectVersion = 46;
	objects = {

/* Begin PBXBuildFile section */
		2B0577131ABF37160019A6AC /* FromProfileTransitionAnimator.swift in Sources */ = {isa = PBXBuildFile; fileRef = 2B0577121ABF37160019A6AC /* FromProfileTransitionAnimator.swift */; };
		2B0577161AC347120019A6AC /* UIImage+ImageEffects.m in Sources */ = {isa = PBXBuildFile; fileRef = 2B0577141AC347120019A6AC /* UIImage+ImageEffects.m */; };
		2B3577461B4D8BF200CEA197 /* HomeToProfileSegue.swift in Sources */ = {isa = PBXBuildFile; fileRef = 2B3577451B4D8BF200CEA197 /* HomeToProfileSegue.swift */; };
		2B3577481B4D8CC200CEA197 /* HomeToProfileSegueUnwind.swift in Sources */ = {isa = PBXBuildFile; fileRef = 2B3577471B4D8CC200CEA197 /* HomeToProfileSegueUnwind.swift */; };
		2BD13D041AA9543300A4AE64 /* PartySettingsViewController.swift in Sources */ = {isa = PBXBuildFile; fileRef = 2BD13D031AA9543300A4AE64 /* PartySettingsViewController.swift */; };
		2BD13D061AA9545400A4AE64 /* ProfileEditViewController.swift in Sources */ = {isa = PBXBuildFile; fileRef = 2BD13D051AA9545400A4AE64 /* ProfileEditViewController.swift */; };
		2BF91E7A1AAB62390079CF08 /* ToProfileTransitionAnimator.swift in Sources */ = {isa = PBXBuildFile; fileRef = 2BF91E791AAB62390079CF08 /* ToProfileTransitionAnimator.swift */; };
		8117D7FB1B25513F00F026ED /* Main.storyboard in Resources */ = {isa = PBXBuildFile; fileRef = 8117D7FA1B25513F00F026ED /* Main.storyboard */; };
		8117D7FD1B25548B00F026ED /* RedesignColors.swift in Sources */ = {isa = PBXBuildFile; fileRef = 8117D7FC1B25548B00F026ED /* RedesignColors.swift */; };
		8117D7FF1B25559F00F026ED /* LaunchScreenViewController.swift in Sources */ = {isa = PBXBuildFile; fileRef = 8117D7FE1B25559F00F026ED /* LaunchScreenViewController.swift */; };
		8117D8011B2556E700F026ED /* OSDiagonalGradientView.swift in Sources */ = {isa = PBXBuildFile; fileRef = 8117D8001B2556E700F026ED /* OSDiagonalGradientView.swift */; };
		8117D8031B26710800F026ED /* FinishedLaunchingSegue.swift in Sources */ = {isa = PBXBuildFile; fileRef = 8117D8021B26710800F026ED /* FinishedLaunchingSegue.swift */; };
		8117D8061B2686F700F026ED /* Launch Screen.xib in Resources */ = {isa = PBXBuildFile; fileRef = 8117D8051B2686F700F026ED /* Launch Screen.xib */; };
		8117D80C1B292BEA00F026ED /* RoundedSidesButton.swift in Sources */ = {isa = PBXBuildFile; fileRef = 8117D80B1B292BEA00F026ED /* RoundedSidesButton.swift */; };
		8117D80E1B29332A00F026ED /* PartyViewController.swift in Sources */ = {isa = PBXBuildFile; fileRef = 8117D80D1B29332A00F026ED /* PartyViewController.swift */; };
		8117D8101B2DF66C00F026ED /* OSPagedScrollViewController.swift in Sources */ = {isa = PBXBuildFile; fileRef = 8117D80F1B2DF66C00F026ED /* OSPagedScrollViewController.swift */; };
		813EBB6F1B2E4EC800FDA12C /* DismissSegue.swift in Sources */ = {isa = PBXBuildFile; fileRef = 813EBB6E1B2E4EC800FDA12C /* DismissSegue.swift */; };
		813EBB741B2FB57D00FDA12C /* LeavePartyFromSettingsSegue.swift in Sources */ = {isa = PBXBuildFile; fileRef = 813EBB731B2FB57D00FDA12C /* LeavePartyFromSettingsSegue.swift */; };
		818E63931AA3B12200BAFDD5 /* AppDelegate.swift in Sources */ = {isa = PBXBuildFile; fileRef = 818E63921AA3B12200BAFDD5 /* AppDelegate.swift */; };
		818E63951AA3B12200BAFDD5 /* HomeViewController.swift in Sources */ = {isa = PBXBuildFile; fileRef = 818E63941AA3B12200BAFDD5 /* HomeViewController.swift */; };
		818E639A1AA3B12200BAFDD5 /* Images.xcassets in Resources */ = {isa = PBXBuildFile; fileRef = 818E63991AA3B12200BAFDD5 /* Images.xcassets */; };
		818E63A91AA3B12200BAFDD5 /* OneSoundV2DemoTests.swift in Sources */ = {isa = PBXBuildFile; fileRef = 818E63A81AA3B12200BAFDD5 /* OneSoundV2DemoTests.swift */; };
		819219E81B37733700C51912 /* ProfileViewController.swift in Sources */ = {isa = PBXBuildFile; fileRef = 819219E71B37733700C51912 /* ProfileViewController.swift */; };
		819C8BD31B37CD01002D2834 /* PartyAddSongViewController.swift in Sources */ = {isa = PBXBuildFile; fileRef = 819C8BD21B37CD01002D2834 /* PartyAddSongViewController.swift */; };
		819C8BD51B391C8F002D2834 /* CreatePartyViewController.swift in Sources */ = {isa = PBXBuildFile; fileRef = 819C8BD41B391C8F002D2834 /* CreatePartyViewController.swift */; };
		819C8BD71B391E13002D2834 /* CreatePartyFromHomeModalSegue.swift in Sources */ = {isa = PBXBuildFile; fileRef = 819C8BD61B391E12002D2834 /* CreatePartyFromHomeModalSegue.swift */; };
		81B7398E1AA9584E00900FBA /* PartyMembersViewController.swift in Sources */ = {isa = PBXBuildFile; fileRef = 81B7398D1AA9584E00900FBA /* PartyMembersViewController.swift */; };
		81C6D40A1AC4DB1D009DAD28 /* PartyPlaylistViewController.swift in Sources */ = {isa = PBXBuildFile; fileRef = 81B7398B1AA957B500900FBA /* PartyPlaylistViewController.swift */; };
		81EB790A1B40572D00B31DBC /* PartyPlaylistCurrentSongHeader.swift in Sources */ = {isa = PBXBuildFile; fileRef = 81EB79081B40572D00B31DBC /* PartyPlaylistCurrentSongHeader.swift */; };
		C12D35554ACAEA5A673F37E9 /* Pods_OneSoundV2Demo.framework in Frameworks */ = {isa = PBXBuildFile; fileRef = 5518E456708CAE8594E382E6 /* Pods_OneSoundV2Demo.framework */; settings = {ATTRIBUTES = (Weak, ); }; };
/* End PBXBuildFile section */

/* Begin PBXContainerItemProxy section */
		818E63A31AA3B12200BAFDD5 /* PBXContainerItemProxy */ = {
			isa = PBXContainerItemProxy;
			containerPortal = 818E63851AA3B12200BAFDD5 /* Project object */;
			proxyType = 1;
			remoteGlobalIDString = 818E638C1AA3B12200BAFDD5;
			remoteInfo = OneSoundV2Demo;
		};
/* End PBXContainerItemProxy section */

/* Begin PBXFileReference section */
		2B0577121ABF37160019A6AC /* FromProfileTransitionAnimator.swift */ = {isa = PBXFileReference; fileEncoding = 4; lastKnownFileType = sourcecode.swift; path = FromProfileTransitionAnimator.swift; sourceTree = "<group>"; };
		2B0577141AC347120019A6AC /* UIImage+ImageEffects.m */ = {isa = PBXFileReference; fileEncoding = 4; lastKnownFileType = sourcecode.c.objc; path = "UIImage+ImageEffects.m"; sourceTree = "<group>"; };
		2B0577151AC347120019A6AC /* UIImage+ImageEffects.h */ = {isa = PBXFileReference; fileEncoding = 4; lastKnownFileType = sourcecode.c.h; path = "UIImage+ImageEffects.h"; sourceTree = "<group>"; };
		2B3577451B4D8BF200CEA197 /* HomeToProfileSegue.swift */ = {isa = PBXFileReference; fileEncoding = 4; lastKnownFileType = sourcecode.swift; path = HomeToProfileSegue.swift; sourceTree = "<group>"; };
		2B3577471B4D8CC200CEA197 /* HomeToProfileSegueUnwind.swift */ = {isa = PBXFileReference; fileEncoding = 4; lastKnownFileType = sourcecode.swift; path = HomeToProfileSegueUnwind.swift; sourceTree = "<group>"; };
		2BD13D031AA9543300A4AE64 /* PartySettingsViewController.swift */ = {isa = PBXFileReference; fileEncoding = 4; lastKnownFileType = sourcecode.swift; path = PartySettingsViewController.swift; sourceTree = "<group>"; };
		2BD13D051AA9545400A4AE64 /* ProfileEditViewController.swift */ = {isa = PBXFileReference; fileEncoding = 4; lastKnownFileType = sourcecode.swift; path = ProfileEditViewController.swift; sourceTree = "<group>"; };
		2BF91E791AAB62390079CF08 /* ToProfileTransitionAnimator.swift */ = {isa = PBXFileReference; fileEncoding = 4; lastKnownFileType = sourcecode.swift; path = ToProfileTransitionAnimator.swift; sourceTree = "<group>"; };
		5518E456708CAE8594E382E6 /* Pods_OneSoundV2Demo.framework */ = {isa = PBXFileReference; explicitFileType = wrapper.framework; includeInIndex = 0; path = Pods_OneSoundV2Demo.framework; sourceTree = BUILT_PRODUCTS_DIR; };
		8117D7FA1B25513F00F026ED /* Main.storyboard */ = {isa = PBXFileReference; fileEncoding = 4; lastKnownFileType = file.storyboard; path = Main.storyboard; sourceTree = "<group>"; };
		8117D7FC1B25548B00F026ED /* RedesignColors.swift */ = {isa = PBXFileReference; fileEncoding = 4; lastKnownFileType = sourcecode.swift; path = RedesignColors.swift; sourceTree = "<group>"; };
		8117D7FE1B25559F00F026ED /* LaunchScreenViewController.swift */ = {isa = PBXFileReference; fileEncoding = 4; lastKnownFileType = sourcecode.swift; path = LaunchScreenViewController.swift; sourceTree = "<group>"; };
		8117D8001B2556E700F026ED /* OSDiagonalGradientView.swift */ = {isa = PBXFileReference; fileEncoding = 4; lastKnownFileType = sourcecode.swift; path = OSDiagonalGradientView.swift; sourceTree = "<group>"; };
		8117D8021B26710800F026ED /* FinishedLaunchingSegue.swift */ = {isa = PBXFileReference; fileEncoding = 4; lastKnownFileType = sourcecode.swift; path = FinishedLaunchingSegue.swift; sourceTree = "<group>"; };
		8117D8051B2686F700F026ED /* Launch Screen.xib */ = {isa = PBXFileReference; fileEncoding = 4; lastKnownFileType = file.xib; path = "Launch Screen.xib"; sourceTree = "<group>"; };
		8117D80B1B292BEA00F026ED /* RoundedSidesButton.swift */ = {isa = PBXFileReference; fileEncoding = 4; lastKnownFileType = sourcecode.swift; path = RoundedSidesButton.swift; sourceTree = "<group>"; };
		8117D80D1B29332A00F026ED /* PartyViewController.swift */ = {isa = PBXFileReference; fileEncoding = 4; lastKnownFileType = sourcecode.swift; path = PartyViewController.swift; sourceTree = "<group>"; };
		8117D80F1B2DF66C00F026ED /* OSPagedScrollViewController.swift */ = {isa = PBXFileReference; fileEncoding = 4; lastKnownFileType = sourcecode.swift; name = OSPagedScrollViewController.swift; path = ../OSPagedScrollViewController.swift; sourceTree = "<group>"; };
		813EBB6E1B2E4EC800FDA12C /* DismissSegue.swift */ = {isa = PBXFileReference; fileEncoding = 4; lastKnownFileType = sourcecode.swift; path = DismissSegue.swift; sourceTree = "<group>"; };
		813EBB731B2FB57D00FDA12C /* LeavePartyFromSettingsSegue.swift */ = {isa = PBXFileReference; fileEncoding = 4; lastKnownFileType = sourcecode.swift; path = LeavePartyFromSettingsSegue.swift; sourceTree = "<group>"; };
		818E638D1AA3B12200BAFDD5 /* OneSoundV2Demo.app */ = {isa = PBXFileReference; explicitFileType = wrapper.application; includeInIndex = 0; path = OneSoundV2Demo.app; sourceTree = BUILT_PRODUCTS_DIR; };
		818E63911AA3B12200BAFDD5 /* Info.plist */ = {isa = PBXFileReference; lastKnownFileType = text.plist.xml; path = Info.plist; sourceTree = "<group>"; };
		818E63921AA3B12200BAFDD5 /* AppDelegate.swift */ = {isa = PBXFileReference; lastKnownFileType = sourcecode.swift; path = AppDelegate.swift; sourceTree = "<group>"; };
		818E63941AA3B12200BAFDD5 /* HomeViewController.swift */ = {isa = PBXFileReference; lastKnownFileType = sourcecode.swift; path = HomeViewController.swift; sourceTree = "<group>"; };
		818E63991AA3B12200BAFDD5 /* Images.xcassets */ = {isa = PBXFileReference; lastKnownFileType = folder.assetcatalog; path = Images.xcassets; sourceTree = "<group>"; };
		818E63A21AA3B12200BAFDD5 /* OneSoundV2DemoTests.xctest */ = {isa = PBXFileReference; explicitFileType = wrapper.cfbundle; includeInIndex = 0; path = OneSoundV2DemoTests.xctest; sourceTree = BUILT_PRODUCTS_DIR; };
		818E63A71AA3B12200BAFDD5 /* Info.plist */ = {isa = PBXFileReference; lastKnownFileType = text.plist.xml; path = Info.plist; sourceTree = "<group>"; };
		818E63A81AA3B12200BAFDD5 /* OneSoundV2DemoTests.swift */ = {isa = PBXFileReference; lastKnownFileType = sourcecode.swift; path = OneSoundV2DemoTests.swift; sourceTree = "<group>"; };
		819219E71B37733700C51912 /* ProfileViewController.swift */ = {isa = PBXFileReference; fileEncoding = 4; lastKnownFileType = sourcecode.swift; path = ProfileViewController.swift; sourceTree = "<group>"; };
		819C8BD21B37CD01002D2834 /* PartyAddSongViewController.swift */ = {isa = PBXFileReference; fileEncoding = 4; lastKnownFileType = sourcecode.swift; path = PartyAddSongViewController.swift; sourceTree = "<group>"; };
		819C8BD41B391C8F002D2834 /* CreatePartyViewController.swift */ = {isa = PBXFileReference; fileEncoding = 4; lastKnownFileType = sourcecode.swift; path = CreatePartyViewController.swift; sourceTree = "<group>"; };
		819C8BD61B391E12002D2834 /* CreatePartyFromHomeModalSegue.swift */ = {isa = PBXFileReference; fileEncoding = 4; lastKnownFileType = sourcecode.swift; path = CreatePartyFromHomeModalSegue.swift; sourceTree = "<group>"; };
		81B7398B1AA957B500900FBA /* PartyPlaylistViewController.swift */ = {isa = PBXFileReference; fileEncoding = 4; lastKnownFileType = sourcecode.swift; path = PartyPlaylistViewController.swift; sourceTree = "<group>"; };
		81B7398D1AA9584E00900FBA /* PartyMembersViewController.swift */ = {isa = PBXFileReference; fileEncoding = 4; lastKnownFileType = sourcecode.swift; path = PartyMembersViewController.swift; sourceTree = "<group>"; };
		81C6D4101AC4E179009DAD28 /* OneSoundV2Demo-Bridging-Header.h */ = {isa = PBXFileReference; fileEncoding = 4; lastKnownFileType = sourcecode.c.h; path = "OneSoundV2Demo-Bridging-Header.h"; sourceTree = "<group>"; };
		81EB79081B40572D00B31DBC /* PartyPlaylistCurrentSongHeader.swift */ = {isa = PBXFileReference; fileEncoding = 4; lastKnownFileType = sourcecode.swift; path = PartyPlaylistCurrentSongHeader.swift; sourceTree = "<group>"; };
		8DD5789B08A102BE4F305CF5 /* Pods-OneSoundV2Demo.debug.xcconfig */ = {isa = PBXFileReference; includeInIndex = 1; lastKnownFileType = text.xcconfig; name = "Pods-OneSoundV2Demo.debug.xcconfig"; path = "Pods/Target Support Files/Pods-OneSoundV2Demo/Pods-OneSoundV2Demo.debug.xcconfig"; sourceTree = "<group>"; };
		CC35E083D2F498AE42A8030C /* Pods-OneSoundV2Demo.release.xcconfig */ = {isa = PBXFileReference; includeInIndex = 1; lastKnownFileType = text.xcconfig; name = "Pods-OneSoundV2Demo.release.xcconfig"; path = "Pods/Target Support Files/Pods-OneSoundV2Demo/Pods-OneSoundV2Demo.release.xcconfig"; sourceTree = "<group>"; };
/* End PBXFileReference section */

/* Begin PBXFrameworksBuildPhase section */
		818E638A1AA3B12200BAFDD5 /* Frameworks */ = {
			isa = PBXFrameworksBuildPhase;
			buildActionMask = 2147483647;
			files = (
				C12D35554ACAEA5A673F37E9 /* Pods_OneSoundV2Demo.framework in Frameworks */,
			);
			runOnlyForDeploymentPostprocessing = 0;
		};
		818E639F1AA3B12200BAFDD5 /* Frameworks */ = {
			isa = PBXFrameworksBuildPhase;
			buildActionMask = 2147483647;
			files = (
			);
			runOnlyForDeploymentPostprocessing = 0;
		};
/* End PBXFrameworksBuildPhase section */

/* Begin PBXGroup section */
		606BA68CBF1F2928A1351581 /* Pods */ = {
			isa = PBXGroup;
			children = (
				CC35E083D2F498AE42A8030C /* Pods-OneSoundV2Demo.release.xcconfig */,
				8DD5789B08A102BE4F305CF5 /* Pods-OneSoundV2Demo.debug.xcconfig */,
			);
			name = Pods;
			sourceTree = "<group>";
		};
		813EBB721B2EA06100FDA12C /* Segues */ = {
			isa = PBXGroup;
			children = (
				8117D8021B26710800F026ED /* FinishedLaunchingSegue.swift */,
				819C8BD61B391E12002D2834 /* CreatePartyFromHomeModalSegue.swift */,
				813EBB731B2FB57D00FDA12C /* LeavePartyFromSettingsSegue.swift */,
				813EBB6E1B2E4EC800FDA12C /* DismissSegue.swift */,
				2B3577451B4D8BF200CEA197 /* HomeToProfileSegue.swift */,
				2B3577471B4D8CC200CEA197 /* HomeToProfileSegueUnwind.swift */,
			);
			name = Segues;
			sourceTree = "<group>";
		};
		818E63841AA3B12200BAFDD5 = {
			isa = PBXGroup;
			children = (
				81C6D4101AC4E179009DAD28 /* OneSoundV2Demo-Bridging-Header.h */,
				818E638F1AA3B12200BAFDD5 /* OneSoundV2Demo */,
				818E63A51AA3B12200BAFDD5 /* OneSoundV2DemoTests */,
				818E638E1AA3B12200BAFDD5 /* Products */,
				606BA68CBF1F2928A1351581 /* Pods */,
				B8174403A567876062AD5F06 /* Frameworks */,
			);
			sourceTree = "<group>";
		};
		818E638E1AA3B12200BAFDD5 /* Products */ = {
			isa = PBXGroup;
			children = (
				818E638D1AA3B12200BAFDD5 /* OneSoundV2Demo.app */,
				818E63A21AA3B12200BAFDD5 /* OneSoundV2DemoTests.xctest */,
			);
			name = Products;
			sourceTree = "<group>";
		};
		818E638F1AA3B12200BAFDD5 /* OneSoundV2Demo */ = {
			isa = PBXGroup;
			children = (
				818E63921AA3B12200BAFDD5 /* AppDelegate.swift */,
				818E63991AA3B12200BAFDD5 /* Images.xcassets */,
				813EBB721B2EA06100FDA12C /* Segues */,
				8117D7FA1B25513F00F026ED /* Main.storyboard */,
				8117D8051B2686F700F026ED /* Launch Screen.xib */,
				8117D7FC1B25548B00F026ED /* RedesignColors.swift */,
				8117D8001B2556E700F026ED /* OSDiagonalGradientView.swift */,
				8117D80B1B292BEA00F026ED /* RoundedSidesButton.swift */,
				8117D7FE1B25559F00F026ED /* LaunchScreenViewController.swift */,
				8117D80F1B2DF66C00F026ED /* OSPagedScrollViewController.swift */,
				818E63941AA3B12200BAFDD5 /* HomeViewController.swift */,
				819C8BD41B391C8F002D2834 /* CreatePartyViewController.swift */,
				8117D80D1B29332A00F026ED /* PartyViewController.swift */,
				81B7398B1AA957B500900FBA /* PartyPlaylistViewController.swift */,
				81EB79081B40572D00B31DBC /* PartyPlaylistCurrentSongHeader.swift */,
				81B7398D1AA9584E00900FBA /* PartyMembersViewController.swift */,
				819C8BD21B37CD01002D2834 /* PartyAddSongViewController.swift */,
				2BD13D031AA9543300A4AE64 /* PartySettingsViewController.swift */,
				819219E71B37733700C51912 /* ProfileViewController.swift */,
				2BD13D051AA9545400A4AE64 /* ProfileEditViewController.swift */,
				818E63901AA3B12200BAFDD5 /* Supporting Files */,
				2BF91E791AAB62390079CF08 /* ToProfileTransitionAnimator.swift */,
				2B0577121ABF37160019A6AC /* FromProfileTransitionAnimator.swift */,
				2B0577141AC347120019A6AC /* UIImage+ImageEffects.m */,
				2B0577151AC347120019A6AC /* UIImage+ImageEffects.h */,
			);
			path = OneSoundV2Demo;
			sourceTree = "<group>";
		};
		818E63901AA3B12200BAFDD5 /* Supporting Files */ = {
			isa = PBXGroup;
			children = (
				818E63911AA3B12200BAFDD5 /* Info.plist */,
			);
			name = "Supporting Files";
			sourceTree = "<group>";
		};
		818E63A51AA3B12200BAFDD5 /* OneSoundV2DemoTests */ = {
			isa = PBXGroup;
			children = (
				818E63A81AA3B12200BAFDD5 /* OneSoundV2DemoTests.swift */,
				818E63A61AA3B12200BAFDD5 /* Supporting Files */,
			);
			path = OneSoundV2DemoTests;
			sourceTree = "<group>";
		};
		818E63A61AA3B12200BAFDD5 /* Supporting Files */ = {
			isa = PBXGroup;
			children = (
				818E63A71AA3B12200BAFDD5 /* Info.plist */,
			);
			name = "Supporting Files";
			sourceTree = "<group>";
		};
		B8174403A567876062AD5F06 /* Frameworks */ = {
			isa = PBXGroup;
			children = (
				5518E456708CAE8594E382E6 /* Pods_OneSoundV2Demo.framework */,
			);
			name = Frameworks;
			sourceTree = "<group>";
		};
/* End PBXGroup section */

/* Begin PBXNativeTarget section */
		818E638C1AA3B12200BAFDD5 /* OneSoundV2Demo */ = {
			isa = PBXNativeTarget;
			buildConfigurationList = 818E63AC1AA3B12200BAFDD5 /* Build configuration list for PBXNativeTarget "OneSoundV2Demo" */;
			buildPhases = (
				F8752A9AA79247647D0003F5 /* Check Pods Manifest.lock */,
				818E63891AA3B12200BAFDD5 /* Sources */,
				818E638A1AA3B12200BAFDD5 /* Frameworks */,
				818E638B1AA3B12200BAFDD5 /* Resources */,
				FF1975C0F988868F8F8C40CD /* Copy Pods Resources */,
				E354B64A475618E74381970C /* Embed Pods Frameworks */,
			);
			buildRules = (
			);
			dependencies = (
			);
			name = OneSoundV2Demo;
			productName = OneSoundV2Demo;
			productReference = 818E638D1AA3B12200BAFDD5 /* OneSoundV2Demo.app */;
			productType = "com.apple.product-type.application";
		};
		818E63A11AA3B12200BAFDD5 /* OneSoundV2DemoTests */ = {
			isa = PBXNativeTarget;
			buildConfigurationList = 818E63AF1AA3B12200BAFDD5 /* Build configuration list for PBXNativeTarget "OneSoundV2DemoTests" */;
			buildPhases = (
				818E639E1AA3B12200BAFDD5 /* Sources */,
				818E639F1AA3B12200BAFDD5 /* Frameworks */,
				818E63A01AA3B12200BAFDD5 /* Resources */,
			);
			buildRules = (
			);
			dependencies = (
				818E63A41AA3B12200BAFDD5 /* PBXTargetDependency */,
			);
			name = OneSoundV2DemoTests;
			productName = OneSoundV2DemoTests;
			productReference = 818E63A21AA3B12200BAFDD5 /* OneSoundV2DemoTests.xctest */;
			productType = "com.apple.product-type.bundle.unit-test";
		};
/* End PBXNativeTarget section */

/* Begin PBXProject section */
		818E63851AA3B12200BAFDD5 /* Project object */ = {
			isa = PBXProject;
			attributes = {
				LastUpgradeCheck = 0610;
				ORGANIZATIONNAME = "Adam Schoonmaker";
				TargetAttributes = {
					818E638C1AA3B12200BAFDD5 = {
						CreatedOnToolsVersion = 6.1.1;
						DevelopmentTeam = 8YP7AK358X;
					};
					818E63A11AA3B12200BAFDD5 = {
						CreatedOnToolsVersion = 6.1.1;
						TestTargetID = 818E638C1AA3B12200BAFDD5;
					};
				};
			};
			buildConfigurationList = 818E63881AA3B12200BAFDD5 /* Build configuration list for PBXProject "OneSoundV2Demo" */;
			compatibilityVersion = "Xcode 3.2";
			developmentRegion = English;
			hasScannedForEncodings = 0;
			knownRegions = (
				en,
				Base,
			);
			mainGroup = 818E63841AA3B12200BAFDD5;
			productRefGroup = 818E638E1AA3B12200BAFDD5 /* Products */;
			projectDirPath = "";
			projectRoot = "";
			targets = (
				818E638C1AA3B12200BAFDD5 /* OneSoundV2Demo */,
				818E63A11AA3B12200BAFDD5 /* OneSoundV2DemoTests */,
			);
		};
/* End PBXProject section */

/* Begin PBXResourcesBuildPhase section */
		818E638B1AA3B12200BAFDD5 /* Resources */ = {
			isa = PBXResourcesBuildPhase;
			buildActionMask = 2147483647;
			files = (
				818E639A1AA3B12200BAFDD5 /* Images.xcassets in Resources */,
				8117D8061B2686F700F026ED /* Launch Screen.xib in Resources */,
				8117D7FB1B25513F00F026ED /* Main.storyboard in Resources */,
			);
			runOnlyForDeploymentPostprocessing = 0;
		};
		818E63A01AA3B12200BAFDD5 /* Resources */ = {
			isa = PBXResourcesBuildPhase;
			buildActionMask = 2147483647;
			files = (
			);
			runOnlyForDeploymentPostprocessing = 0;
		};
/* End PBXResourcesBuildPhase section */

/* Begin PBXShellScriptBuildPhase section */
		E354B64A475618E74381970C /* Embed Pods Frameworks */ = {
			isa = PBXShellScriptBuildPhase;
			buildActionMask = 2147483647;
			files = (
			);
			inputPaths = (
			);
			name = "Embed Pods Frameworks";
			outputPaths = (
			);
			runOnlyForDeploymentPostprocessing = 0;
			shellPath = /bin/sh;
			shellScript = "\"${SRCROOT}/Pods/Target Support Files/Pods-OneSoundV2Demo/Pods-OneSoundV2Demo-frameworks.sh\"\n";
			showEnvVarsInLog = 0;
		};
		F8752A9AA79247647D0003F5 /* Check Pods Manifest.lock */ = {
			isa = PBXShellScriptBuildPhase;
			buildActionMask = 2147483647;
			files = (
			);
			inputPaths = (
			);
			name = "Check Pods Manifest.lock";
			outputPaths = (
			);
			runOnlyForDeploymentPostprocessing = 0;
			shellPath = /bin/sh;
			shellScript = "diff \"${PODS_ROOT}/../Podfile.lock\" \"${PODS_ROOT}/Manifest.lock\" > /dev/null\nif [[ $? != 0 ]] ; then\n    cat << EOM\nerror: The sandbox is not in sync with the Podfile.lock. Run 'pod install' or update your CocoaPods installation.\nEOM\n    exit 1\nfi\n";
			showEnvVarsInLog = 0;
		};
		FF1975C0F988868F8F8C40CD /* Copy Pods Resources */ = {
			isa = PBXShellScriptBuildPhase;
			buildActionMask = 2147483647;
			files = (
			);
			inputPaths = (
			);
			name = "Copy Pods Resources";
			outputPaths = (
			);
			runOnlyForDeploymentPostprocessing = 0;
			shellPath = /bin/sh;
			shellScript = "\"${SRCROOT}/Pods/Target Support Files/Pods-OneSoundV2Demo/Pods-OneSoundV2Demo-resources.sh\"\n";
			showEnvVarsInLog = 0;
		};
/* End PBXShellScriptBuildPhase section */

/* Begin PBXSourcesBuildPhase section */
		818E63891AA3B12200BAFDD5 /* Sources */ = {
			isa = PBXSourcesBuildPhase;
			buildActionMask = 2147483647;
			files = (
				8117D80C1B292BEA00F026ED /* RoundedSidesButton.swift in Sources */,
				819C8BD71B391E13002D2834 /* CreatePartyFromHomeModalSegue.swift in Sources */,
				813EBB6F1B2E4EC800FDA12C /* DismissSegue.swift in Sources */,
				8117D8101B2DF66C00F026ED /* OSPagedScrollViewController.swift in Sources */,
				818E63951AA3B12200BAFDD5 /* HomeViewController.swift in Sources */,
				2BD13D041AA9543300A4AE64 /* PartySettingsViewController.swift in Sources */,
				2B3577481B4D8CC200CEA197 /* HomeToProfileSegueUnwind.swift in Sources */,
				819219E81B37733700C51912 /* ProfileViewController.swift in Sources */,
				2B0577161AC347120019A6AC /* UIImage+ImageEffects.m in Sources */,
				8117D80E1B29332A00F026ED /* PartyViewController.swift in Sources */,
				2B3577461B4D8BF200CEA197 /* HomeToProfileSegue.swift in Sources */,
				8117D8031B26710800F026ED /* FinishedLaunchingSegue.swift in Sources */,
				2B0577131ABF37160019A6AC /* FromProfileTransitionAnimator.swift in Sources */,
				819C8BD31B37CD01002D2834 /* PartyAddSongViewController.swift in Sources */,
				81EB790A1B40572D00B31DBC /* PartyPlaylistCurrentSongHeader.swift in Sources */,
				81C6D40A1AC4DB1D009DAD28 /* PartyPlaylistViewController.swift in Sources */,
				819C8BD51B391C8F002D2834 /* CreatePartyViewController.swift in Sources */,
				8117D7FD1B25548B00F026ED /* RedesignColors.swift in Sources */,
				2BF91E7A1AAB62390079CF08 /* ToProfileTransitionAnimator.swift in Sources */,
				2BD13D061AA9545400A4AE64 /* ProfileEditViewController.swift in Sources */,
				818E63931AA3B12200BAFDD5 /* AppDelegate.swift in Sources */,
				8117D8011B2556E700F026ED /* OSDiagonalGradientView.swift in Sources */,
				81B7398E1AA9584E00900FBA /* PartyMembersViewController.swift in Sources */,
				813EBB741B2FB57D00FDA12C /* LeavePartyFromSettingsSegue.swift in Sources */,
				8117D7FF1B25559F00F026ED /* LaunchScreenViewController.swift in Sources */,
			);
			runOnlyForDeploymentPostprocessing = 0;
		};
		818E639E1AA3B12200BAFDD5 /* Sources */ = {
			isa = PBXSourcesBuildPhase;
			buildActionMask = 2147483647;
			files = (
				818E63A91AA3B12200BAFDD5 /* OneSoundV2DemoTests.swift in Sources */,
			);
			runOnlyForDeploymentPostprocessing = 0;
		};
/* End PBXSourcesBuildPhase section */

/* Begin PBXTargetDependency section */
		818E63A41AA3B12200BAFDD5 /* PBXTargetDependency */ = {
			isa = PBXTargetDependency;
			target = 818E638C1AA3B12200BAFDD5 /* OneSoundV2Demo */;
			targetProxy = 818E63A31AA3B12200BAFDD5 /* PBXContainerItemProxy */;
		};
/* End PBXTargetDependency section */

/* Begin XCBuildConfiguration section */
		818E63AA1AA3B12200BAFDD5 /* Debug */ = {
			isa = XCBuildConfiguration;
			buildSettings = {
				ALWAYS_SEARCH_USER_PATHS = NO;
				CLANG_CXX_LANGUAGE_STANDARD = "gnu++0x";
				CLANG_CXX_LIBRARY = "libc++";
				CLANG_ENABLE_MODULES = YES;
				CLANG_ENABLE_OBJC_ARC = YES;
				CLANG_WARN_BOOL_CONVERSION = YES;
				CLANG_WARN_CONSTANT_CONVERSION = YES;
				CLANG_WARN_DIRECT_OBJC_ISA_USAGE = YES_ERROR;
				CLANG_WARN_EMPTY_BODY = YES;
				CLANG_WARN_ENUM_CONVERSION = YES;
				CLANG_WARN_INT_CONVERSION = YES;
				CLANG_WARN_OBJC_ROOT_CLASS = YES_ERROR;
				CLANG_WARN_UNREACHABLE_CODE = YES;
				CLANG_WARN__DUPLICATE_METHOD_MATCH = YES;
				"CODE_SIGN_IDENTITY[sdk=iphoneos*]" = "iPhone Developer";
				COPY_PHASE_STRIP = NO;
				ENABLE_STRICT_OBJC_MSGSEND = YES;
				GCC_C_LANGUAGE_STANDARD = gnu99;
				GCC_DYNAMIC_NO_PIC = NO;
				GCC_OPTIMIZATION_LEVEL = 0;
				GCC_PREPROCESSOR_DEFINITIONS = (
					"DEBUG=1",
					"$(inherited)",
				);
				GCC_SYMBOLS_PRIVATE_EXTERN = NO;
				GCC_WARN_64_TO_32_BIT_CONVERSION = YES;
				GCC_WARN_ABOUT_RETURN_TYPE = YES_ERROR;
				GCC_WARN_UNDECLARED_SELECTOR = YES;
				GCC_WARN_UNINITIALIZED_AUTOS = YES_AGGRESSIVE;
				GCC_WARN_UNUSED_FUNCTION = YES;
				GCC_WARN_UNUSED_VARIABLE = YES;
				IPHONEOS_DEPLOYMENT_TARGET = 8.1;
				MTL_ENABLE_DEBUG_INFO = YES;
				ONLY_ACTIVE_ARCH = YES;
				SDKROOT = iphoneos;
				SWIFT_OBJC_BRIDGING_HEADER = "OneSoundV2Demo-Bridging-Header.h";
				SWIFT_OPTIMIZATION_LEVEL = "-Onone";
			};
			name = Debug;
		};
		818E63AB1AA3B12200BAFDD5 /* Release */ = {
			isa = XCBuildConfiguration;
			buildSettings = {
				ALWAYS_SEARCH_USER_PATHS = NO;
				CLANG_CXX_LANGUAGE_STANDARD = "gnu++0x";
				CLANG_CXX_LIBRARY = "libc++";
				CLANG_ENABLE_MODULES = YES;
				CLANG_ENABLE_OBJC_ARC = YES;
				CLANG_WARN_BOOL_CONVERSION = YES;
				CLANG_WARN_CONSTANT_CONVERSION = YES;
				CLANG_WARN_DIRECT_OBJC_ISA_USAGE = YES_ERROR;
				CLANG_WARN_EMPTY_BODY = YES;
				CLANG_WARN_ENUM_CONVERSION = YES;
				CLANG_WARN_INT_CONVERSION = YES;
				CLANG_WARN_OBJC_ROOT_CLASS = YES_ERROR;
				CLANG_WARN_UNREACHABLE_CODE = YES;
				CLANG_WARN__DUPLICATE_METHOD_MATCH = YES;
				"CODE_SIGN_IDENTITY[sdk=iphoneos*]" = "iPhone Developer";
				COPY_PHASE_STRIP = YES;
				ENABLE_NS_ASSERTIONS = NO;
				ENABLE_STRICT_OBJC_MSGSEND = YES;
				GCC_C_LANGUAGE_STANDARD = gnu99;
				GCC_WARN_64_TO_32_BIT_CONVERSION = YES;
				GCC_WARN_ABOUT_RETURN_TYPE = YES_ERROR;
				GCC_WARN_UNDECLARED_SELECTOR = YES;
				GCC_WARN_UNINITIALIZED_AUTOS = YES_AGGRESSIVE;
				GCC_WARN_UNUSED_FUNCTION = YES;
				GCC_WARN_UNUSED_VARIABLE = YES;
				IPHONEOS_DEPLOYMENT_TARGET = 8.1;
				MTL_ENABLE_DEBUG_INFO = NO;
				SDKROOT = iphoneos;
				SWIFT_OBJC_BRIDGING_HEADER = "OneSoundV2Demo-Bridging-Header.h";
				VALIDATE_PRODUCT = YES;
			};
			name = Release;
		};
		818E63AD1AA3B12200BAFDD5 /* Debug */ = {
			isa = XCBuildConfiguration;
			baseConfigurationReference = 8DD5789B08A102BE4F305CF5 /* Pods-OneSoundV2Demo.debug.xcconfig */;
			buildSettings = {
				ASSETCATALOG_COMPILER_APPICON_NAME = AppIcon;
				CLANG_ENABLE_MODULES = YES;
				CODE_SIGN_IDENTITY = "iPhone Developer";
				INFOPLIST_FILE = OneSoundV2Demo/Info.plist;
				IPHONEOS_DEPLOYMENT_TARGET = 8.0;
				LD_RUNPATH_SEARCH_PATHS = "$(inherited) @executable_path/Frameworks";
				PRODUCT_NAME = "$(TARGET_NAME)";
				SWIFT_OBJC_BRIDGING_HEADER = "OneSoundV2Demo-Bridging-Header.h";
				SWIFT_OPTIMIZATION_LEVEL = "-Onone";
			};
			name = Debug;
		};
		818E63AE1AA3B12200BAFDD5 /* Release */ = {
			isa = XCBuildConfiguration;
			baseConfigurationReference = CC35E083D2F498AE42A8030C /* Pods-OneSoundV2Demo.release.xcconfig */;
			buildSettings = {
				ASSETCATALOG_COMPILER_APPICON_NAME = AppIcon;
				CLANG_ENABLE_MODULES = YES;
				CODE_SIGN_IDENTITY = "iPhone Developer";
				INFOPLIST_FILE = OneSoundV2Demo/Info.plist;
				IPHONEOS_DEPLOYMENT_TARGET = 8.0;
				LD_RUNPATH_SEARCH_PATHS = "$(inherited) @executable_path/Frameworks";
				PRODUCT_NAME = "$(TARGET_NAME)";
				SWIFT_OBJC_BRIDGING_HEADER = "OneSoundV2Demo-Bridging-Header.h";
			};
			name = Release;
		};
		818E63B01AA3B12200BAFDD5 /* Debug */ = {
			isa = XCBuildConfiguration;
			buildSettings = {
				BUNDLE_LOADER = "$(TEST_HOST)";
				FRAMEWORK_SEARCH_PATHS = (
					"$(SDKROOT)/Developer/Library/Frameworks",
					"$(inherited)",
				);
				GCC_PREPROCESSOR_DEFINITIONS = (
					"DEBUG=1",
					"$(inherited)",
				);
				INFOPLIST_FILE = OneSoundV2DemoTests/Info.plist;
				LD_RUNPATH_SEARCH_PATHS = "$(inherited) @executable_path/Frameworks @loader_path/Frameworks";
				PRODUCT_NAME = "$(TARGET_NAME)";
				TEST_HOST = "$(BUILT_PRODUCTS_DIR)/OneSoundV2Demo.app/OneSoundV2Demo";
			};
			name = Debug;
		};
		818E63B11AA3B12200BAFDD5 /* Release */ = {
			isa = XCBuildConfiguration;
			buildSettings = {
				BUNDLE_LOADER = "$(TEST_HOST)";
				FRAMEWORK_SEARCH_PATHS = (
					"$(SDKROOT)/Developer/Library/Frameworks",
					"$(inherited)",
				);
				INFOPLIST_FILE = OneSoundV2DemoTests/Info.plist;
				LD_RUNPATH_SEARCH_PATHS = "$(inherited) @executable_path/Frameworks @loader_path/Frameworks";
				PRODUCT_NAME = "$(TARGET_NAME)";
				TEST_HOST = "$(BUILT_PRODUCTS_DIR)/OneSoundV2Demo.app/OneSoundV2Demo";
			};
			name = Release;
		};
/* End XCBuildConfiguration section */

/* Begin XCConfigurationList section */
		818E63881AA3B12200BAFDD5 /* Build configuration list for PBXProject "OneSoundV2Demo" */ = {
			isa = XCConfigurationList;
			buildConfigurations = (
				818E63AA1AA3B12200BAFDD5 /* Debug */,
				818E63AB1AA3B12200BAFDD5 /* Release */,
			);
			defaultConfigurationIsVisible = 0;
			defaultConfigurationName = Release;
		};
		818E63AC1AA3B12200BAFDD5 /* Build configuration list for PBXNativeTarget "OneSoundV2Demo" */ = {
			isa = XCConfigurationList;
			buildConfigurations = (
				818E63AD1AA3B12200BAFDD5 /* Debug */,
				818E63AE1AA3B12200BAFDD5 /* Release */,
			);
			defaultConfigurationIsVisible = 0;
			defaultConfigurationName = Release;
		};
		818E63AF1AA3B12200BAFDD5 /* Build configuration list for PBXNativeTarget "OneSoundV2DemoTests" */ = {
			isa = XCConfigurationList;
			buildConfigurations = (
				818E63B01AA3B12200BAFDD5 /* Debug */,
				818E63B11AA3B12200BAFDD5 /* Release */,
			);
			defaultConfigurationIsVisible = 0;
			defaultConfigurationName = Release;
		};
/* End XCConfigurationList section */
	};
	rootObject = 818E63851AA3B12200BAFDD5 /* Project object */;
}
